<?xml version="1.0" encoding="utf-8"?>
<Project ToolsVersion="4.0" xmlns="http://schemas.microsoft.com/developer/msbuild/2003">
  <ItemGroup>
    <ClCompile Include="forwarding.cpp" />
    <ClCompile Include="lsa.cpp" />
    <ClCompile Include="main.cpp" />
    <ClCompile Include="neighbor.cpp" />
    <ClCompile Include="routerMain.cpp" />
    <ClCompile Include="pinger.cpp" />
  </ItemGroup>
  <ItemGroup>
    <ClInclude Include="forwarding.h" />
    <ClInclude Include="lsa.h" />
    <ClInclude Include="message.h" />
    <ClInclude Include="neighbor.h" />
    <ClInclude Include="routerMain.h" />
    <ClInclude Include="icmp_header.hpp" />
    <ClInclude Include="ipv4_header.hpp" />
    <ClInclude Include="pinger.h" />
  </ItemGroup>
</Project>