<?xml version="1.0" encoding="utf-8"?>
<Project ToolsVersion="4.0" xmlns="http://schemas.microsoft.com/developer/msbuild/2003">
  <ItemGroup>
    <ClCompile Include="lsa.cpp" />
    <ClCompile Include="main.cpp" />
    <ClCompile Include="neighbor.cpp" />
    <ClCompile Include="routerMain.cpp" />
    <ClCompile Include="icmp\pinger.cpp">
      <Filter>icmp</Filter>
    </ClCompile>
    <ClCompile Include="forwarding.cpp" />
  </ItemGroup>
  <ItemGroup>
    <ClInclude Include="forwarding.h" />
    <ClInclude Include="lsa.h" />
    <ClInclude Include="message.h" />
    <ClInclude Include="neighbor.h" />
    <ClInclude Include="routerMain.h" />
    <ClInclude Include="icmp\icmp_header.hpp">
      <Filter>icmp</Filter>
    </ClInclude>
    <ClInclude Include="icmp\pinger.h">
      <Filter>icmp</Filter>
    </ClInclude>
    <ClInclude Include="nlohmann\nlohmann\json.hpp">
      <Filter>nlohmann</Filter>
    </ClInclude>
    <ClInclude Include="nlohmann\nlohmann\adl_serializer.hpp">
      <Filter>nlohmann</Filter>
    </ClInclude>
    <ClInclude Include="nlohmann\nlohmann\json_fwd.hpp">
      <Filter>nlohmann</Filter>
    </ClInclude>
    <ClInclude Include="nlohmann\nlohmann\detail\exceptions.hpp">
      <Filter>nlohmann\detail</Filter>
    </ClInclude>
    <ClInclude Include="nlohmann\nlohmann\detail\json_pointer.hpp">
      <Filter>nlohmann\detail</Filter>
    </ClInclude>
    <ClInclude Include="nlohmann\nlohmann\detail\json_ref.hpp">
      <Filter>nlohmann\detail</Filter>
    </ClInclude>
    <ClInclude Include="nlohmann\nlohmann\detail\macro_scope.hpp">
      <Filter>nlohmann\detail</Filter>
    </ClInclude>
    <ClInclude Include="nlohmann\nlohmann\detail\macro_unscope.hpp">
      <Filter>nlohmann\detail</Filter>
    </ClInclude>
    <ClInclude Include="nlohmann\nlohmann\detail\value_t.hpp">
      <Filter>nlohmann\detail</Filter>
    </ClInclude>
    <ClInclude Include="nlohmann\nlohmann\detail\conversions\from_json.hpp">
      <Filter>nlohmann\detail\conversions</Filter>
    </ClInclude>
    <ClInclude Include="nlohmann\nlohmann\detail\conversions\to_chars.hpp">
      <Filter>nlohmann\detail\conversions</Filter>
    </ClInclude>
    <ClInclude Include="nlohmann\nlohmann\detail\conversions\to_json.hpp">
      <Filter>nlohmann\detail\conversions</Filter>
    </ClInclude>
    <ClInclude Include="nlohmann\nlohmann\detail\meta\cpp_future.hpp">
      <Filter>nlohmann\detail\meta</Filter>
    </ClInclude>
    <ClInclude Include="nlohmann\nlohmann\detail\meta\detected.hpp">
      <Filter>nlohmann\detail\meta</Filter>
    </ClInclude>
    <ClInclude Include="nlohmann\nlohmann\detail\meta\is_sax.hpp">
      <Filter>nlohmann\detail\meta</Filter>
    </ClInclude>
    <ClInclude Include="nlohmann\nlohmann\detail\meta\type_traits.hpp">
      <Filter>nlohmann\detail\meta</Filter>
    </ClInclude>
    <ClInclude Include="nlohmann\nlohmann\detail\meta\void_t.hpp">
      <Filter>nlohmann\detail\meta</Filter>
    </ClInclude>
    <ClInclude Include="nlohmann\nlohmann\detail\iterators\internal_iterator.hpp">
      <Filter>nlohmann\detail\iterators</Filter>
    </ClInclude>
    <ClInclude Include="nlohmann\nlohmann\detail\iterators\iter_impl.hpp">
      <Filter>nlohmann\detail\iterators</Filter>
    </ClInclude>
    <ClInclude Include="nlohmann\nlohmann\detail\iterators\iteration_proxy.hpp">
      <Filter>nlohmann\detail\iterators</Filter>
    </ClInclude>
    <ClInclude Include="nlohmann\nlohmann\detail\iterators\iterator_traits.hpp">
      <Filter>nlohmann\detail\iterators</Filter>
    </ClInclude>
    <ClInclude Include="nlohmann\nlohmann\detail\iterators\json_reverse_iterator.hpp">
      <Filter>nlohmann\detail\iterators</Filter>
    </ClInclude>
    <ClInclude Include="nlohmann\nlohmann\detail\iterators\primitive_iterator.hpp">
      <Filter>nlohmann\detail\iterators</Filter>
    </ClInclude>
    <ClInclude Include="nlohmann\nlohmann\detail\input\binary_reader.hpp">
      <Filter>nlohmann\detail\input</Filter>
    </ClInclude>
    <ClInclude Include="nlohmann\nlohmann\detail\input\input_adapters.hpp">
      <Filter>nlohmann\detail\input</Filter>
    </ClInclude>
    <ClInclude Include="nlohmann\nlohmann\detail\input\json_sax.hpp">
      <Filter>nlohmann\detail\input</Filter>
    </ClInclude>
    <ClInclude Include="nlohmann\nlohmann\detail\input\lexer.hpp">
      <Filter>nlohmann\detail\input</Filter>
    </ClInclude>
    <ClInclude Include="nlohmann\nlohmann\detail\input\parser.hpp">
      <Filter>nlohmann\detail\input</Filter>
    </ClInclude>
    <ClInclude Include="nlohmann\nlohmann\detail\input\position_t.hpp">
      <Filter>nlohmann\detail\input</Filter>
    </ClInclude>
    <ClInclude Include="nlohmann\nlohmann\detail\output\binary_writer.hpp">
      <Filter>nlohmann\detail\output</Filter>
    </ClInclude>
    <ClInclude Include="nlohmann\nlohmann\detail\output\output_adapters.hpp">
      <Filter>nlohmann\detail\output</Filter>
    </ClInclude>
    <ClInclude Include="nlohmann\nlohmann\detail\output\serializer.hpp">
      <Filter>nlohmann\detail\output</Filter>
    </ClInclude>
  </ItemGroup>
  <ItemGroup>
    <Filter Include="icmp">
      <UniqueIdentifier>{22647d05-5a6c-4e89-a698-2f1d784e6ee2}</UniqueIdentifier>
    </Filter>
    <Filter Include="nlohmann">
      <UniqueIdentifier>{54a6753e-135e-4e58-ac2a-17c262067e47}</UniqueIdentifier>
    </Filter>
    <Filter Include="nlohmann\detail">
      <UniqueIdentifier>{d89ad059-2e83-470a-b66d-17a7089bdb44}</UniqueIdentifier>
    </Filter>
    <Filter Include="nlohmann\detail\iterators">
      <UniqueIdentifier>{ff7ff1f7-9fef-46bc-b48c-e45ad3baab53}</UniqueIdentifier>
    </Filter>
    <Filter Include="nlohmann\detail\meta">
      <UniqueIdentifier>{305d3f73-e1d7-4f9e-802b-507152fd0fc2}</UniqueIdentifier>
    </Filter>
    <Filter Include="nlohmann\detail\conversions">
      <UniqueIdentifier>{432b87b3-646f-4647-aff8-243719a17be6}</UniqueIdentifier>
    </Filter>
    <Filter Include="nlohmann\detail\input">
      <UniqueIdentifier>{9ad5fdf7-3adb-47f7-929e-5a8a5ba4ae15}</UniqueIdentifier>
    </Filter>
    <Filter Include="nlohmann\detail\output">
      <UniqueIdentifier>{0379d201-2a01-4814-a4d9-46363bdd8aea}</UniqueIdentifier>
    </Filter>
  </ItemGroup>
</Project>