<?xml version="1.0" encoding="utf-8"?>
<Project ToolsVersion="4.0" xmlns="http://schemas.microsoft.com/developer/msbuild/2003">
  <ItemGroup>
    <ClCompile Include="forwarding.cpp" />
    <ClCompile Include="lsa.cpp" />
    <ClCompile Include="main.cpp" />
    <ClCompile Include="neighbor.cpp" />
    <ClCompile Include="routerMain.cpp" />
    <ClCompile Include="icmp\pinger.cpp">
      <Filter>icmp</Filter>
    </ClCompile>
  </ItemGroup>
  <ItemGroup>
    <ClInclude Include="forwarding.h" />
    <ClInclude Include="lsa.h" />
    <ClInclude Include="message.h" />
    <ClInclude Include="neighbor.h" />
    <ClInclude Include="routerMain.h" />
    <ClInclude Include="icmp\icmp_header.hpp">
      <Filter>icmp</Filter>
    </ClInclude>
    <ClInclude Include="icmp\pinger.h">
      <Filter>icmp</Filter>
    </ClInclude>
    <ClInclude Include="nlohmann\json.hpp">
      <Filter>nlohmann</Filter>
    </ClInclude>
  </ItemGroup>
  <ItemGroup>
    <Filter Include="icmp">
      <UniqueIdentifier>{22647d05-5a6c-4e89-a698-2f1d784e6ee2}</UniqueIdentifier>
    </Filter>
    <Filter Include="nlohmann">
      <UniqueIdentifier>{54a6753e-135e-4e58-ac2a-17c262067e47}</UniqueIdentifier>
    </Filter>
  </ItemGroup>
</Project>